// !$*UTF8*$!
{
	archiveVersion = 1;
	classes = {
	};
	objectVersion = 56;
	objects = {

/* Begin PBXBuildFile section */
		3607A6032AADD16400627E1C /* CryptoWathcerApp.swift in Sources */ = {isa = PBXBuildFile; fileRef = 3607A6022AADD16400627E1C /* CryptoWathcerApp.swift */; };
		3607A6052AADD16400627E1C /* ContentView.swift in Sources */ = {isa = PBXBuildFile; fileRef = 3607A6042AADD16400627E1C /* ContentView.swift */; };
		3607A6072AADD16700627E1C /* Assets.xcassets in Resources */ = {isa = PBXBuildFile; fileRef = 3607A6062AADD16700627E1C /* Assets.xcassets */; };
		3607A60A2AADD16700627E1C /* Preview Assets.xcassets in Resources */ = {isa = PBXBuildFile; fileRef = 3607A6092AADD16700627E1C /* Preview Assets.xcassets */; };
		3607A6122AADF61700627E1C /* CoinLogo.swift in Sources */ = {isa = PBXBuildFile; fileRef = 3607A6112AADF61700627E1C /* CoinLogo.swift */; };
		367450AB2AADF7C500FD3EC0 /* NetworkService.swift in Sources */ = {isa = PBXBuildFile; fileRef = 367450AA2AADF7C500FD3EC0 /* NetworkService.swift */; };
		367450AF2AADF94F00FD3EC0 /* Kingfisher in Frameworks */ = {isa = PBXBuildFile; productRef = 367450AE2AADF94F00FD3EC0 /* Kingfisher */; };
		367450B12AADFA5B00FD3EC0 /* CoinRow.swift in Sources */ = {isa = PBXBuildFile; fileRef = 367450B02AADFA5B00FD3EC0 /* CoinRow.swift */; };
		367450B32AADFB7F00FD3EC0 /* CoinList.swift in Sources */ = {isa = PBXBuildFile; fileRef = 367450B22AADFB7F00FD3EC0 /* CoinList.swift */; };
		367450B62AADFB9D00FD3EC0 /* CoinModel.swift in Sources */ = {isa = PBXBuildFile; fileRef = 367450B52AADFB9D00FD3EC0 /* CoinModel.swift */; };
		367450B82AADFF1F00FD3EC0 /* CoinViewModel.swift in Sources */ = {isa = PBXBuildFile; fileRef = 367450B72AADFF1F00FD3EC0 /* CoinViewModel.swift */; };
		3683F1262AAEE0B000C1590E /* Realm in Frameworks */ = {isa = PBXBuildFile; productRef = 3683F1252AAEE0B000C1590E /* Realm */; };
		3683F1282AAEE0B000C1590E /* RealmSwift in Frameworks */ = {isa = PBXBuildFile; productRef = 3683F1272AAEE0B000C1590E /* RealmSwift */; };
		3683F12B2AAEE10700C1590E /* FavoriteCoin.swift in Sources */ = {isa = PBXBuildFile; fileRef = 3683F12A2AAEE10700C1590E /* FavoriteCoin.swift */; };
		3683F12D2AAEE1DF00C1590E /* RealmManager.swift in Sources */ = {isa = PBXBuildFile; fileRef = 3683F12C2AAEE1DF00C1590E /* RealmManager.swift */; };
		3683F1302AAF2A5800C1590E /* FavoriteButton.swift in Sources */ = {isa = PBXBuildFile; fileRef = 3683F12F2AAF2A5800C1590E /* FavoriteButton.swift */; };
/* End PBXBuildFile section */

/* Begin PBXFileReference section */
		3607A5FF2AADD16400627E1C /* CryptoWatcher.app */ = {isa = PBXFileReference; explicitFileType = wrapper.application; includeInIndex = 0; path = CryptoWatcher.app; sourceTree = BUILT_PRODUCTS_DIR; };
		3607A6022AADD16400627E1C /* CryptoWathcerApp.swift */ = {isa = PBXFileReference; lastKnownFileType = sourcecode.swift; path = CryptoWathcerApp.swift; sourceTree = "<group>"; };
		3607A6042AADD16400627E1C /* ContentView.swift */ = {isa = PBXFileReference; lastKnownFileType = sourcecode.swift; path = ContentView.swift; sourceTree = "<group>"; };
		3607A6062AADD16700627E1C /* Assets.xcassets */ = {isa = PBXFileReference; lastKnownFileType = folder.assetcatalog; path = Assets.xcassets; sourceTree = "<group>"; };
		3607A6092AADD16700627E1C /* Preview Assets.xcassets */ = {isa = PBXFileReference; lastKnownFileType = folder.assetcatalog; path = "Preview Assets.xcassets"; sourceTree = "<group>"; };
		3607A6112AADF61700627E1C /* CoinLogo.swift */ = {isa = PBXFileReference; lastKnownFileType = sourcecode.swift; path = CoinLogo.swift; sourceTree = "<group>"; };
		367450AA2AADF7C500FD3EC0 /* NetworkService.swift */ = {isa = PBXFileReference; lastKnownFileType = sourcecode.swift; path = NetworkService.swift; sourceTree = "<group>"; };
		367450B02AADFA5B00FD3EC0 /* CoinRow.swift */ = {isa = PBXFileReference; lastKnownFileType = sourcecode.swift; path = CoinRow.swift; sourceTree = "<group>"; };
		367450B22AADFB7F00FD3EC0 /* CoinList.swift */ = {isa = PBXFileReference; lastKnownFileType = sourcecode.swift; path = CoinList.swift; sourceTree = "<group>"; };
		367450B52AADFB9D00FD3EC0 /* CoinModel.swift */ = {isa = PBXFileReference; lastKnownFileType = sourcecode.swift; path = CoinModel.swift; sourceTree = "<group>"; };
		367450B72AADFF1F00FD3EC0 /* CoinViewModel.swift */ = {isa = PBXFileReference; lastKnownFileType = sourcecode.swift; path = CoinViewModel.swift; sourceTree = "<group>"; };
		3683F12A2AAEE10700C1590E /* FavoriteCoin.swift */ = {isa = PBXFileReference; lastKnownFileType = sourcecode.swift; path = FavoriteCoin.swift; sourceTree = "<group>"; };
		3683F12C2AAEE1DF00C1590E /* RealmManager.swift */ = {isa = PBXFileReference; lastKnownFileType = sourcecode.swift; path = RealmManager.swift; sourceTree = "<group>"; };
		3683F12F2AAF2A5800C1590E /* FavoriteButton.swift */ = {isa = PBXFileReference; lastKnownFileType = sourcecode.swift; path = FavoriteButton.swift; sourceTree = "<group>"; };
/* End PBXFileReference section */

/* Begin PBXFrameworksBuildPhase section */
		3607A5FC2AADD16400627E1C /* Frameworks */ = {
			isa = PBXFrameworksBuildPhase;
			buildActionMask = 2147483647;
			files = (
				3683F1282AAEE0B000C1590E /* RealmSwift in Frameworks */,
				3683F1262AAEE0B000C1590E /* Realm in Frameworks */,
				367450AF2AADF94F00FD3EC0 /* Kingfisher in Frameworks */,
			);
			runOnlyForDeploymentPostprocessing = 0;
		};
/* End PBXFrameworksBuildPhase section */

/* Begin PBXGroup section */
		3607A5F62AADD16400627E1C = {
			isa = PBXGroup;
			children = (
				3607A6012AADD16400627E1C /* CryptoWathcer */,
				3607A6002AADD16400627E1C /* Products */,
			);
			sourceTree = "<group>";
		};
		3607A6002AADD16400627E1C /* Products */ = {
			isa = PBXGroup;
			children = (
				3607A5FF2AADD16400627E1C /* CryptoWatcher.app */,
			);
			name = Products;
			sourceTree = "<group>";
		};
		3607A6012AADD16400627E1C /* CryptoWathcer */ = {
			isa = PBXGroup;
			children = (
				367450BA2AAE03E800FD3EC0 /* ViewModel */,
				367450B42AADFB9300FD3EC0 /* Model */,
				367450A92AADF7B800FD3EC0 /* PresentationLayer */,
				3607A6102AADF60400627E1C /* View */,
				3607A6022AADD16400627E1C /* CryptoWathcerApp.swift */,
				3607A6042AADD16400627E1C /* ContentView.swift */,
				3607A6062AADD16700627E1C /* Assets.xcassets */,
				3607A6082AADD16700627E1C /* Preview Content */,
			);
			path = CryptoWathcer;
			sourceTree = "<group>";
		};
		3607A6082AADD16700627E1C /* Preview Content */ = {
			isa = PBXGroup;
			children = (
				3607A6092AADD16700627E1C /* Preview Assets.xcassets */,
			);
			path = "Preview Content";
			sourceTree = "<group>";
		};
		3607A6102AADF60400627E1C /* View */ = {
			isa = PBXGroup;
			children = (
				367450B92AAE03D500FD3EC0 /* Helpers */,
				367450B22AADFB7F00FD3EC0 /* CoinList.swift */,
			);
			path = View;
			sourceTree = "<group>";
		};
		367450A92AADF7B800FD3EC0 /* PresentationLayer */ = {
			isa = PBXGroup;
			children = (
				3683F1292AAEE0B800C1590E /* RealmService */,
				367450AC2AADF7D800FD3EC0 /* NetworkService */,
			);
			path = PresentationLayer;
			sourceTree = "<group>";
		};
		367450AC2AADF7D800FD3EC0 /* NetworkService */ = {
			isa = PBXGroup;
			children = (
				367450AA2AADF7C500FD3EC0 /* NetworkService.swift */,
			);
			path = NetworkService;
			sourceTree = "<group>";
		};
		367450B42AADFB9300FD3EC0 /* Model */ = {
			isa = PBXGroup;
			children = (
				367450B52AADFB9D00FD3EC0 /* CoinModel.swift */,
			);
			path = Model;
			sourceTree = "<group>";
		};
		367450B92AAE03D500FD3EC0 /* Helpers */ = {
			isa = PBXGroup;
			children = (
				367450B02AADFA5B00FD3EC0 /* CoinRow.swift */,
				3607A6112AADF61700627E1C /* CoinLogo.swift */,
				3683F12F2AAF2A5800C1590E /* FavoriteButton.swift */,
			);
			path = Helpers;
			sourceTree = "<group>";
		};
		367450BA2AAE03E800FD3EC0 /* ViewModel */ = {
			isa = PBXGroup;
			children = (
				367450B72AADFF1F00FD3EC0 /* CoinViewModel.swift */,
			);
			path = ViewModel;
			sourceTree = "<group>";
		};
		3683F1292AAEE0B800C1590E /* RealmService */ = {
			isa = PBXGroup;
			children = (
				3683F12A2AAEE10700C1590E /* FavoriteCoin.swift */,
				3683F12C2AAEE1DF00C1590E /* RealmManager.swift */,
			);
			path = RealmService;
			sourceTree = "<group>";
		};
/* End PBXGroup section */

/* Begin PBXNativeTarget section */
		3607A5FE2AADD16400627E1C /* CryptoWatcher */ = {
			isa = PBXNativeTarget;
			buildConfigurationList = 3607A60D2AADD16700627E1C /* Build configuration list for PBXNativeTarget "CryptoWatcher" */;
			buildPhases = (
				3607A5FB2AADD16400627E1C /* Sources */,
				3607A5FC2AADD16400627E1C /* Frameworks */,
				3607A5FD2AADD16400627E1C /* Resources */,
			);
			buildRules = (
			);
			dependencies = (
			);
			name = CryptoWatcher;
			packageProductDependencies = (
				367450AE2AADF94F00FD3EC0 /* Kingfisher */,
				3683F1252AAEE0B000C1590E /* Realm */,
				3683F1272AAEE0B000C1590E /* RealmSwift */,
			);
			productName = CryptoWathcer;
			productReference = 3607A5FF2AADD16400627E1C /* CryptoWatcher.app */;
			productType = "com.apple.product-type.application";
		};
/* End PBXNativeTarget section */

/* Begin PBXProject section */
		3607A5F72AADD16400627E1C /* Project object */ = {
			isa = PBXProject;
			attributes = {
				BuildIndependentTargetsInParallel = 1;
				LastSwiftUpdateCheck = 1430;
				LastUpgradeCheck = 1430;
				TargetAttributes = {
					3607A5FE2AADD16400627E1C = {
						CreatedOnToolsVersion = 14.3.1;
					};
				};
			};
			buildConfigurationList = 3607A5FA2AADD16400627E1C /* Build configuration list for PBXProject "CryptoWatcher" */;
			compatibilityVersion = "Xcode 14.0";
			developmentRegion = en;
			hasScannedForEncodings = 0;
			knownRegions = (
				en,
				Base,
			);
			mainGroup = 3607A5F62AADD16400627E1C;
			packageReferences = (
				367450AD2AADF94F00FD3EC0 /* XCRemoteSwiftPackageReference "Kingfisher" */,
				3683F1242AAEE0B000C1590E /* XCRemoteSwiftPackageReference "realm-cocoa" */,
			);
			productRefGroup = 3607A6002AADD16400627E1C /* Products */;
			projectDirPath = "";
			projectRoot = "";
			targets = (
				3607A5FE2AADD16400627E1C /* CryptoWatcher */,
			);
		};
/* End PBXProject section */

/* Begin PBXResourcesBuildPhase section */
		3607A5FD2AADD16400627E1C /* Resources */ = {
			isa = PBXResourcesBuildPhase;
			buildActionMask = 2147483647;
			files = (
				3607A60A2AADD16700627E1C /* Preview Assets.xcassets in Resources */,
				3607A6072AADD16700627E1C /* Assets.xcassets in Resources */,
			);
			runOnlyForDeploymentPostprocessing = 0;
		};
/* End PBXResourcesBuildPhase section */

/* Begin PBXSourcesBuildPhase section */
		3607A5FB2AADD16400627E1C /* Sources */ = {
			isa = PBXSourcesBuildPhase;
			buildActionMask = 2147483647;
			files = (
				367450B32AADFB7F00FD3EC0 /* CoinList.swift in Sources */,
				3607A6052AADD16400627E1C /* ContentView.swift in Sources */,
				3683F12D2AAEE1DF00C1590E /* RealmManager.swift in Sources */,
				3683F12B2AAEE10700C1590E /* FavoriteCoin.swift in Sources */,
				3607A6122AADF61700627E1C /* CoinLogo.swift in Sources */,
				367450B82AADFF1F00FD3EC0 /* CoinViewModel.swift in Sources */,
				367450AB2AADF7C500FD3EC0 /* NetworkService.swift in Sources */,
				367450B12AADFA5B00FD3EC0 /* CoinRow.swift in Sources */,
				3607A6032AADD16400627E1C /* CryptoWathcerApp.swift in Sources */,
				3683F1302AAF2A5800C1590E /* FavoriteButton.swift in Sources */,
				367450B62AADFB9D00FD3EC0 /* CoinModel.swift in Sources */,
			);
			runOnlyForDeploymentPostprocessing = 0;
		};
/* End PBXSourcesBuildPhase section */

/* Begin XCBuildConfiguration section */
		3607A60B2AADD16700627E1C /* Debug */ = {
			isa = XCBuildConfiguration;
			buildSettings = {
				ALWAYS_SEARCH_USER_PATHS = NO;
				CLANG_ANALYZER_NONNULL = YES;
				CLANG_ANALYZER_NUMBER_OBJECT_CONVERSION = YES_AGGRESSIVE;
				CLANG_CXX_LANGUAGE_STANDARD = "gnu++20";
				CLANG_ENABLE_MODULES = YES;
				CLANG_ENABLE_OBJC_ARC = YES;
				CLANG_ENABLE_OBJC_WEAK = YES;
				CLANG_WARN_BLOCK_CAPTURE_AUTORELEASING = YES;
				CLANG_WARN_BOOL_CONVERSION = YES;
				CLANG_WARN_COMMA = YES;
				CLANG_WARN_CONSTANT_CONVERSION = YES;
				CLANG_WARN_DEPRECATED_OBJC_IMPLEMENTATIONS = YES;
				CLANG_WARN_DIRECT_OBJC_ISA_USAGE = YES_ERROR;
				CLANG_WARN_DOCUMENTATION_COMMENTS = YES;
				CLANG_WARN_EMPTY_BODY = YES;
				CLANG_WARN_ENUM_CONVERSION = YES;
				CLANG_WARN_INFINITE_RECURSION = YES;
				CLANG_WARN_INT_CONVERSION = YES;
				CLANG_WARN_NON_LITERAL_NULL_CONVERSION = YES;
				CLANG_WARN_OBJC_IMPLICIT_RETAIN_SELF = YES;
				CLANG_WARN_OBJC_LITERAL_CONVERSION = YES;
				CLANG_WARN_OBJC_ROOT_CLASS = YES_ERROR;
				CLANG_WARN_QUOTED_INCLUDE_IN_FRAMEWORK_HEADER = YES;
				CLANG_WARN_RANGE_LOOP_ANALYSIS = YES;
				CLANG_WARN_STRICT_PROTOTYPES = YES;
				CLANG_WARN_SUSPICIOUS_MOVE = YES;
				CLANG_WARN_UNGUARDED_AVAILABILITY = YES_AGGRESSIVE;
				CLANG_WARN_UNREACHABLE_CODE = YES;
				CLANG_WARN__DUPLICATE_METHOD_MATCH = YES;
				COPY_PHASE_STRIP = NO;
				DEBUG_INFORMATION_FORMAT = dwarf;
				ENABLE_STRICT_OBJC_MSGSEND = YES;
				ENABLE_TESTABILITY = YES;
				GCC_C_LANGUAGE_STANDARD = gnu11;
				GCC_DYNAMIC_NO_PIC = NO;
				GCC_NO_COMMON_BLOCKS = YES;
				GCC_OPTIMIZATION_LEVEL = 0;
				GCC_PREPROCESSOR_DEFINITIONS = (
					"DEBUG=1",
					"$(inherited)",
				);
				GCC_WARN_64_TO_32_BIT_CONVERSION = YES;
				GCC_WARN_ABOUT_RETURN_TYPE = YES_ERROR;
				GCC_WARN_UNDECLARED_SELECTOR = YES;
				GCC_WARN_UNINITIALIZED_AUTOS = YES_AGGRESSIVE;
				GCC_WARN_UNUSED_FUNCTION = YES;
				GCC_WARN_UNUSED_VARIABLE = YES;
				IPHONEOS_DEPLOYMENT_TARGET = 16.4;
				MTL_ENABLE_DEBUG_INFO = INCLUDE_SOURCE;
				MTL_FAST_MATH = YES;
				ONLY_ACTIVE_ARCH = YES;
				SDKROOT = iphoneos;
				SWIFT_ACTIVE_COMPILATION_CONDITIONS = DEBUG;
				SWIFT_OPTIMIZATION_LEVEL = "-Onone";
			};
			name = Debug;
		};
		3607A60C2AADD16700627E1C /* Release */ = {
			isa = XCBuildConfiguration;
			buildSettings = {
				ALWAYS_SEARCH_USER_PATHS = NO;
				CLANG_ANALYZER_NONNULL = YES;
				CLANG_ANALYZER_NUMBER_OBJECT_CONVERSION = YES_AGGRESSIVE;
				CLANG_CXX_LANGUAGE_STANDARD = "gnu++20";
				CLANG_ENABLE_MODULES = YES;
				CLANG_ENABLE_OBJC_ARC = YES;
				CLANG_ENABLE_OBJC_WEAK = YES;
				CLANG_WARN_BLOCK_CAPTURE_AUTORELEASING = YES;
				CLANG_WARN_BOOL_CONVERSION = YES;
				CLANG_WARN_COMMA = YES;
				CLANG_WARN_CONSTANT_CONVERSION = YES;
				CLANG_WARN_DEPRECATED_OBJC_IMPLEMENTATIONS = YES;
				CLANG_WARN_DIRECT_OBJC_ISA_USAGE = YES_ERROR;
				CLANG_WARN_DOCUMENTATION_COMMENTS = YES;
				CLANG_WARN_EMPTY_BODY = YES;
				CLANG_WARN_ENUM_CONVERSION = YES;
				CLANG_WARN_INFINITE_RECURSION = YES;
				CLANG_WARN_INT_CONVERSION = YES;
				CLANG_WARN_NON_LITERAL_NULL_CONVERSION = YES;
				CLANG_WARN_OBJC_IMPLICIT_RETAIN_SELF = YES;
				CLANG_WARN_OBJC_LITERAL_CONVERSION = YES;
				CLANG_WARN_OBJC_ROOT_CLASS = YES_ERROR;
				CLANG_WARN_QUOTED_INCLUDE_IN_FRAMEWORK_HEADER = YES;
				CLANG_WARN_RANGE_LOOP_ANALYSIS = YES;
				CLANG_WARN_STRICT_PROTOTYPES = YES;
				CLANG_WARN_SUSPICIOUS_MOVE = YES;
				CLANG_WARN_UNGUARDED_AVAILABILITY = YES_AGGRESSIVE;
				CLANG_WARN_UNREACHABLE_CODE = YES;
				CLANG_WARN__DUPLICATE_METHOD_MATCH = YES;
				COPY_PHASE_STRIP = NO;
				DEBUG_INFORMATION_FORMAT = "dwarf-with-dsym";
				ENABLE_NS_ASSERTIONS = NO;
				ENABLE_STRICT_OBJC_MSGSEND = YES;
				GCC_C_LANGUAGE_STANDARD = gnu11;
				GCC_NO_COMMON_BLOCKS = YES;
				GCC_WARN_64_TO_32_BIT_CONVERSION = YES;
				GCC_WARN_ABOUT_RETURN_TYPE = YES_ERROR;
				GCC_WARN_UNDECLARED_SELECTOR = YES;
				GCC_WARN_UNINITIALIZED_AUTOS = YES_AGGRESSIVE;
				GCC_WARN_UNUSED_FUNCTION = YES;
				GCC_WARN_UNUSED_VARIABLE = YES;
				IPHONEOS_DEPLOYMENT_TARGET = 16.4;
				MTL_ENABLE_DEBUG_INFO = NO;
				MTL_FAST_MATH = YES;
				SDKROOT = iphoneos;
				SWIFT_COMPILATION_MODE = wholemodule;
				SWIFT_OPTIMIZATION_LEVEL = "-O";
				VALIDATE_PRODUCT = YES;
			};
			name = Release;
		};
		3607A60E2AADD16700627E1C /* Debug */ = {
			isa = XCBuildConfiguration;
			buildSettings = {
				ASSETCATALOG_COMPILER_APPICON_NAME = AppIcon;
				ASSETCATALOG_COMPILER_GLOBAL_ACCENT_COLOR_NAME = AccentColor;
				CODE_SIGN_STYLE = Automatic;
				CURRENT_PROJECT_VERSION = 1;
				DEVELOPMENT_ASSET_PATHS = "\"CryptoWathcer/Preview Content\"";
				DEVELOPMENT_TEAM = 65D24US5AQ;
				ENABLE_PREVIEWS = YES;
				GENERATE_INFOPLIST_FILE = YES;
				INFOPLIST_KEY_UIApplicationSceneManifest_Generation = YES;
				INFOPLIST_KEY_UIApplicationSupportsIndirectInputEvents = YES;
				INFOPLIST_KEY_UILaunchScreen_Generation = YES;
				INFOPLIST_KEY_UISupportedInterfaceOrientations_iPad = "UIInterfaceOrientationPortrait UIInterfaceOrientationPortraitUpsideDown UIInterfaceOrientationLandscapeLeft UIInterfaceOrientationLandscapeRight";
				INFOPLIST_KEY_UISupportedInterfaceOrientations_iPhone = "UIInterfaceOrientationPortrait UIInterfaceOrientationLandscapeLeft UIInterfaceOrientationLandscapeRight";
				LD_RUNPATH_SEARCH_PATHS = (
					"$(inherited)",
					"@executable_path/Frameworks",
				);
				MARKETING_VERSION = 1.0;
				PRODUCT_BUNDLE_IDENTIFIER = combineExample.CryptoWathcer;
				PRODUCT_NAME = "$(TARGET_NAME)";
				SWIFT_EMIT_LOC_STRINGS = YES;
				SWIFT_VERSION = 5.0;
				TARGETED_DEVICE_FAMILY = "1,2";
			};
			name = Debug;
		};
		3607A60F2AADD16700627E1C /* Release */ = {
			isa = XCBuildConfiguration;
			buildSettings = {
				ASSETCATALOG_COMPILER_APPICON_NAME = AppIcon;
				ASSETCATALOG_COMPILER_GLOBAL_ACCENT_COLOR_NAME = AccentColor;
				CODE_SIGN_STYLE = Automatic;
				CURRENT_PROJECT_VERSION = 1;
				DEVELOPMENT_ASSET_PATHS = "\"CryptoWathcer/Preview Content\"";
				DEVELOPMENT_TEAM = 65D24US5AQ;
				ENABLE_PREVIEWS = YES;
				GENERATE_INFOPLIST_FILE = YES;
				INFOPLIST_KEY_UIApplicationSceneManifest_Generation = YES;
				INFOPLIST_KEY_UIApplicationSupportsIndirectInputEvents = YES;
				INFOPLIST_KEY_UILaunchScreen_Generation = YES;
				INFOPLIST_KEY_UISupportedInterfaceOrientations_iPad = "UIInterfaceOrientationPortrait UIInterfaceOrientationPortraitUpsideDown UIInterfaceOrientationLandscapeLeft UIInterfaceOrientationLandscapeRight";
				INFOPLIST_KEY_UISupportedInterfaceOrientations_iPhone = "UIInterfaceOrientationPortrait UIInterfaceOrientationLandscapeLeft UIInterfaceOrientationLandscapeRight";
				LD_RUNPATH_SEARCH_PATHS = (
					"$(inherited)",
					"@executable_path/Frameworks",
				);
				MARKETING_VERSION = 1.0;
				PRODUCT_BUNDLE_IDENTIFIER = combineExample.CryptoWathcer;
				PRODUCT_NAME = "$(TARGET_NAME)";
				SWIFT_EMIT_LOC_STRINGS = YES;
				SWIFT_VERSION = 5.0;
				TARGETED_DEVICE_FAMILY = "1,2";
			};
			name = Release;
		};
/* End XCBuildConfiguration section */

/* Begin XCConfigurationList section */
		3607A5FA2AADD16400627E1C /* Build configuration list for PBXProject "CryptoWatcher" */ = {
			isa = XCConfigurationList;
			buildConfigurations = (
				3607A60B2AADD16700627E1C /* Debug */,
				3607A60C2AADD16700627E1C /* Release */,
			);
			defaultConfigurationIsVisible = 0;
			defaultConfigurationName = Release;
		};
		3607A60D2AADD16700627E1C /* Build configuration list for PBXNativeTarget "CryptoWatcher" */ = {
			isa = XCConfigurationList;
			buildConfigurations = (
				3607A60E2AADD16700627E1C /* Debug */,
				3607A60F2AADD16700627E1C /* Release */,
			);
			defaultConfigurationIsVisible = 0;
			defaultConfigurationName = Release;
		};
/* End XCConfigurationList section */

/* Begin XCRemoteSwiftPackageReference section */
		367450AD2AADF94F00FD3EC0 /* XCRemoteSwiftPackageReference "Kingfisher" */ = {
			isa = XCRemoteSwiftPackageReference;
			repositoryURL = "https://github.com/onevcat/Kingfisher";
			requirement = {
				kind = upToNextMajorVersion;
				minimumVersion = 7.0.0;
			};
		};
		3683F1242AAEE0B000C1590E /* XCRemoteSwiftPackageReference "realm-cocoa" */ = {
			isa = XCRemoteSwiftPackageReference;
			repositoryURL = "https://github.com/realm/realm-cocoa.git";
			requirement = {
				branch = master;
				kind = branch;
			};
		};
/* End XCRemoteSwiftPackageReference section */

/* Begin XCSwiftPackageProductDependency section */
		367450AE2AADF94F00FD3EC0 /* Kingfisher */ = {
			isa = XCSwiftPackageProductDependency;
			package = 367450AD2AADF94F00FD3EC0 /* XCRemoteSwiftPackageReference "Kingfisher" */;
			productName = Kingfisher;
		};
		3683F1252AAEE0B000C1590E /* Realm */ = {
			isa = XCSwiftPackageProductDependency;
			package = 3683F1242AAEE0B000C1590E /* XCRemoteSwiftPackageReference "realm-cocoa" */;
			productName = Realm;
		};
		3683F1272AAEE0B000C1590E /* RealmSwift */ = {
			isa = XCSwiftPackageProductDependency;
			package = 3683F1242AAEE0B000C1590E /* XCRemoteSwiftPackageReference "realm-cocoa" */;
			productName = RealmSwift;
		};
/* End XCSwiftPackageProductDependency section */
	};
	rootObject = 3607A5F72AADD16400627E1C /* Project object */;
}
